
Microsoft Visual Studio Solution File, Format Version 12.00
# Visual Studio 2013
VisualStudioVersion = 12.0.21005.1
MinimumVisualStudioVersion = 10.0.40219.1
Project("{FAE04EC0-301F-11D3-BF4B-00C04F79EFBC}") = "ShoppingCart", "ShoppingCart\ShoppingCart.csproj", "{765463D7-16DE-481E-AEBA-CA2E83029166}"
EndProject
Project("{FAE04EC0-301F-11D3-BF4B-00C04F79EFBC}") = "JqueryJavascript", "JqueryJavascript\JqueryJavascript.csproj", "{00818590-3575-4DFD-A7EA-7171E53F53F2}"
EndProject
Global
	GlobalSection(SolutionConfigurationPlatforms) = preSolution
		Debug|Any CPU = Debug|Any CPU
		Release|Any CPU = Release|Any CPU
	EndGlobalSection
	GlobalSection(ProjectConfigurationPlatforms) = postSolution
		{765463D7-16DE-481E-AEBA-CA2E83029166}.Debug|Any CPU.ActiveCfg = Debug|Any CPU
		{765463D7-16DE-481E-AEBA-CA2E83029166}.Debug|Any CPU.Build.0 = Debug|Any CPU
		{765463D7-16DE-481E-AEBA-CA2E83029166}.Release|Any CPU.ActiveCfg = Release|Any CPU
		{765463D7-16DE-481E-AEBA-CA2E83029166}.Release|Any CPU.Build.0 = Release|Any CPU
		{00818590-3575-4DFD-A7EA-7171E53F53F2}.Debug|Any CPU.ActiveCfg = Debug|Any CPU
		{00818590-3575-4DFD-A7EA-7171E53F53F2}.Debug|Any CPU.Build.0 = Debug|Any CPU
		{00818590-3575-4DFD-A7EA-7171E53F53F2}.Release|Any CPU.ActiveCfg = Release|Any CPU
		{00818590-3575-4DFD-A7EA-7171E53F53F2}.Release|Any CPU.Build.0 = Release|Any CPU
	EndGlobalSection
	GlobalSection(SolutionProperties) = preSolution
		HideSolutionNode = FALSE
	EndGlobalSection
EndGlobal
